// !$*UTF8*$!
{
	archiveVersion = 1;
	classes = {
	};
	objectVersion = 50;
	objects = {

/* Begin PBXBuildFile section */
		C9329347278F4F8300236870 /* Session.swift in Sources */ = {isa = PBXBuildFile; fileRef = C9329346278F4F8300236870 /* Session.swift */; };
		C9ACC1F327655AD800976B81 /* AppDelegate.swift in Sources */ = {isa = PBXBuildFile; fileRef = C9ACC1F227655AD800976B81 /* AppDelegate.swift */; };
		C9ACC1F527655AD800976B81 /* SceneDelegate.swift in Sources */ = {isa = PBXBuildFile; fileRef = C9ACC1F427655AD800976B81 /* SceneDelegate.swift */; };
		C9ACC1F727655AD800976B81 /* JournalViewController.swift in Sources */ = {isa = PBXBuildFile; fileRef = C9ACC1F627655AD800976B81 /* JournalViewController.swift */; };
		C9ACC1FA27655AD800976B81 /* Main.storyboard in Resources */ = {isa = PBXBuildFile; fileRef = C9ACC1F827655AD800976B81 /* Main.storyboard */; };
		C9ACC1FD27655AD800976B81 /* Drafty.xcdatamodeld in Sources */ = {isa = PBXBuildFile; fileRef = C9ACC1FB27655AD800976B81 /* Drafty.xcdatamodeld */; };
		C9ACC1FF27655ADA00976B81 /* Assets.xcassets in Resources */ = {isa = PBXBuildFile; fileRef = C9ACC1FE27655ADA00976B81 /* Assets.xcassets */; };
		C9ACC20227655ADA00976B81 /* LaunchScreen.storyboard in Resources */ = {isa = PBXBuildFile; fileRef = C9ACC20027655ADA00976B81 /* LaunchScreen.storyboard */; };
/* End PBXBuildFile section */

/* Begin PBXFileReference section */
		C9329346278F4F8300236870 /* Session.swift */ = {isa = PBXFileReference; lastKnownFileType = sourcecode.swift; path = Session.swift; sourceTree = "<group>"; };
		C9ACC1EF27655AD800976B81 /* Drafty.app */ = {isa = PBXFileReference; explicitFileType = wrapper.application; includeInIndex = 0; path = Drafty.app; sourceTree = BUILT_PRODUCTS_DIR; };
		C9ACC1F227655AD800976B81 /* AppDelegate.swift */ = {isa = PBXFileReference; lastKnownFileType = sourcecode.swift; path = AppDelegate.swift; sourceTree = "<group>"; };
		C9ACC1F427655AD800976B81 /* SceneDelegate.swift */ = {isa = PBXFileReference; lastKnownFileType = sourcecode.swift; path = SceneDelegate.swift; sourceTree = "<group>"; };
		C9ACC1F627655AD800976B81 /* JournalViewController.swift */ = {isa = PBXFileReference; lastKnownFileType = sourcecode.swift; path = JournalViewController.swift; sourceTree = "<group>"; };
		C9ACC1F927655AD800976B81 /* Base */ = {isa = PBXFileReference; lastKnownFileType = file.storyboard; name = Base; path = Base.lproj/Main.storyboard; sourceTree = "<group>"; };
		C9ACC1FC27655AD800976B81 /* Drafty.xcdatamodel */ = {isa = PBXFileReference; lastKnownFileType = wrapper.xcdatamodel; path = Drafty.xcdatamodel; sourceTree = "<group>"; };
		C9ACC1FE27655ADA00976B81 /* Assets.xcassets */ = {isa = PBXFileReference; lastKnownFileType = folder.assetcatalog; path = Assets.xcassets; sourceTree = "<group>"; };
		C9ACC20127655ADA00976B81 /* Base */ = {isa = PBXFileReference; lastKnownFileType = file.storyboard; name = Base; path = Base.lproj/LaunchScreen.storyboard; sourceTree = "<group>"; };
		C9ACC20327655ADA00976B81 /* Info.plist */ = {isa = PBXFileReference; lastKnownFileType = text.plist.xml; path = Info.plist; sourceTree = "<group>"; };
/* End PBXFileReference section */

/* Begin PBXFrameworksBuildPhase section */
		C9ACC1EC27655AD800976B81 /* Frameworks */ = {
			isa = PBXFrameworksBuildPhase;
			buildActionMask = 2147483647;
			files = (
			);
			runOnlyForDeploymentPostprocessing = 0;
		};
/* End PBXFrameworksBuildPhase section */

/* Begin PBXGroup section */
		C9329349278F4F8F00236870 /* Models */ = {
			isa = PBXGroup;
			children = (
				C9329346278F4F8300236870 /* Session.swift */,
			);
			path = Models;
			sourceTree = "<group>";
		};
		C9395DC52788965A00D92244 /* Controllers */ = {
			isa = PBXGroup;
			children = (
				C9ACC1F627655AD800976B81 /* JournalViewController.swift */,
			);
			path = Controllers;
			sourceTree = "<group>";
		};
		C9395DC62788966F00D92244 /* Views */ = {
			isa = PBXGroup;
			children = (
				C9ACC1F827655AD800976B81 /* Main.storyboard */,
			);
			path = Views;
			sourceTree = "<group>";
		};
		C9ACC1E627655AD800976B81 = {
			isa = PBXGroup;
			children = (
				C9ACC1F127655AD800976B81 /* Drafty */,
				C9ACC1F027655AD800976B81 /* Products */,
			);
			sourceTree = "<group>";
		};
		C9ACC1F027655AD800976B81 /* Products */ = {
			isa = PBXGroup;
			children = (
				C9ACC1EF27655AD800976B81 /* Drafty.app */,
			);
			name = Products;
			sourceTree = "<group>";
		};
		C9ACC1F127655AD800976B81 /* Drafty */ = {
			isa = PBXGroup;
			children = (
				C9ACC1F227655AD800976B81 /* AppDelegate.swift */,
				C9ACC1F427655AD800976B81 /* SceneDelegate.swift */,
				C9329349278F4F8F00236870 /* Models */,
				C9395DC52788965A00D92244 /* Controllers */,
				C9395DC62788966F00D92244 /* Views */,
				C9ACC1FE27655ADA00976B81 /* Assets.xcassets */,
				C9ACC20027655ADA00976B81 /* LaunchScreen.storyboard */,
				C9ACC20327655ADA00976B81 /* Info.plist */,
				C9ACC1FB27655AD800976B81 /* Drafty.xcdatamodeld */,
			);
			path = Drafty;
			sourceTree = "<group>";
		};
/* End PBXGroup section */

/* Begin PBXNativeTarget section */
		C9ACC1EE27655AD800976B81 /* Drafty */ = {
			isa = PBXNativeTarget;
			buildConfigurationList = C9ACC20627655ADA00976B81 /* Build configuration list for PBXNativeTarget "Drafty" */;
			buildPhases = (
				C9ACC1EB27655AD800976B81 /* Sources */,
				C9ACC1EC27655AD800976B81 /* Frameworks */,
				C9ACC1ED27655AD800976B81 /* Resources */,
			);
			buildRules = (
			);
			dependencies = (
			);
			name = Drafty;
			productName = Drafty;
			productReference = C9ACC1EF27655AD800976B81 /* Drafty.app */;
			productType = "com.apple.product-type.application";
		};
/* End PBXNativeTarget section */

/* Begin PBXProject section */
		C9ACC1E727655AD800976B81 /* Project object */ = {
			isa = PBXProject;
			attributes = {
				LastSwiftUpdateCheck = 1240;
				LastUpgradeCheck = 1240;
				TargetAttributes = {
					C9ACC1EE27655AD800976B81 = {
						CreatedOnToolsVersion = 12.4;
					};
				};
			};
			buildConfigurationList = C9ACC1EA27655AD800976B81 /* Build configuration list for PBXProject "Drafty" */;
			compatibilityVersion = "Xcode 9.3";
			developmentRegion = en;
			hasScannedForEncodings = 0;
			knownRegions = (
				en,
				Base,
			);
			mainGroup = C9ACC1E627655AD800976B81;
			productRefGroup = C9ACC1F027655AD800976B81 /* Products */;
			projectDirPath = "";
			projectRoot = "";
			targets = (
				C9ACC1EE27655AD800976B81 /* Drafty */,
			);
		};
/* End PBXProject section */

/* Begin PBXResourcesBuildPhase section */
		C9ACC1ED27655AD800976B81 /* Resources */ = {
			isa = PBXResourcesBuildPhase;
			buildActionMask = 2147483647;
			files = (
				C9ACC20227655ADA00976B81 /* LaunchScreen.storyboard in Resources */,
				C9ACC1FF27655ADA00976B81 /* Assets.xcassets in Resources */,
				C9ACC1FA27655AD800976B81 /* Main.storyboard in Resources */,
			);
			runOnlyForDeploymentPostprocessing = 0;
		};
/* End PBXResourcesBuildPhase section */

/* Begin PBXSourcesBuildPhase section */
		C9ACC1EB27655AD800976B81 /* Sources */ = {
			isa = PBXSourcesBuildPhase;
			buildActionMask = 2147483647;
			files = (
				C9329347278F4F8300236870 /* Session.swift in Sources */,
				C9ACC1F727655AD800976B81 /* JournalViewController.swift in Sources */,
				C9ACC1FD27655AD800976B81 /* Drafty.xcdatamodeld in Sources */,
				C9ACC1F327655AD800976B81 /* AppDelegate.swift in Sources */,
				C9ACC1F527655AD800976B81 /* SceneDelegate.swift in Sources */,
			);
			runOnlyForDeploymentPostprocessing = 0;
		};
/* End PBXSourcesBuildPhase section */

/* Begin PBXVariantGroup section */
		C9ACC1F827655AD800976B81 /* Main.storyboard */ = {
			isa = PBXVariantGroup;
			children = (
				C9ACC1F927655AD800976B81 /* Base */,
			);
			name = Main.storyboard;
			sourceTree = "<group>";
		};
		C9ACC20027655ADA00976B81 /* LaunchScreen.storyboard */ = {
			isa = PBXVariantGroup;
			children = (
				C9ACC20127655ADA00976B81 /* Base */,
			);
			name = LaunchScreen.storyboard;
			sourceTree = "<group>";
		};
/* End PBXVariantGroup section */

/* Begin XCBuildConfiguration section */
		C9ACC20427655ADA00976B81 /* Debug */ = {
			isa = XCBuildConfiguration;
			buildSettings = {
				ALWAYS_SEARCH_USER_PATHS = NO;
				CLANG_ANALYZER_NONNULL = YES;
				CLANG_ANALYZER_NUMBER_OBJECT_CONVERSION = YES_AGGRESSIVE;
				CLANG_CXX_LANGUAGE_STANDARD = "gnu++14";
				CLANG_CXX_LIBRARY = "libc++";
				CLANG_ENABLE_MODULES = YES;
				CLANG_ENABLE_OBJC_ARC = YES;
				CLANG_ENABLE_OBJC_WEAK = YES;
				CLANG_WARN_BLOCK_CAPTURE_AUTORELEASING = YES;
				CLANG_WARN_BOOL_CONVERSION = YES;
				CLANG_WARN_COMMA = YES;
				CLANG_WARN_CONSTANT_CONVERSION = YES;
				CLANG_WARN_DEPRECATED_OBJC_IMPLEMENTATIONS = YES;
				CLANG_WARN_DIRECT_OBJC_ISA_USAGE = YES_ERROR;
				CLANG_WARN_DOCUMENTATION_COMMENTS = YES;
				CLANG_WARN_EMPTY_BODY = YES;
				CLANG_WARN_ENUM_CONVERSION = YES;
				CLANG_WARN_INFINITE_RECURSION = YES;
				CLANG_WARN_INT_CONVERSION = YES;
				CLANG_WARN_NON_LITERAL_NULL_CONVERSION = YES;
				CLANG_WARN_OBJC_IMPLICIT_RETAIN_SELF = YES;
				CLANG_WARN_OBJC_LITERAL_CONVERSION = YES;
				CLANG_WARN_OBJC_ROOT_CLASS = YES_ERROR;
				CLANG_WARN_QUOTED_INCLUDE_IN_FRAMEWORK_HEADER = YES;
				CLANG_WARN_RANGE_LOOP_ANALYSIS = YES;
				CLANG_WARN_STRICT_PROTOTYPES = YES;
				CLANG_WARN_SUSPICIOUS_MOVE = YES;
				CLANG_WARN_UNGUARDED_AVAILABILITY = YES_AGGRESSIVE;
				CLANG_WARN_UNREACHABLE_CODE = YES;
				CLANG_WARN__DUPLICATE_METHOD_MATCH = YES;
				COPY_PHASE_STRIP = NO;
				DEBUG_INFORMATION_FORMAT = dwarf;
				ENABLE_STRICT_OBJC_MSGSEND = YES;
				ENABLE_TESTABILITY = YES;
				GCC_C_LANGUAGE_STANDARD = gnu11;
				GCC_DYNAMIC_NO_PIC = NO;
				GCC_NO_COMMON_BLOCKS = YES;
				GCC_OPTIMIZATION_LEVEL = 0;
				GCC_PREPROCESSOR_DEFINITIONS = (
					"DEBUG=1",
					"$(inherited)",
				);
				GCC_WARN_64_TO_32_BIT_CONVERSION = YES;
				GCC_WARN_ABOUT_RETURN_TYPE = YES_ERROR;
				GCC_WARN_UNDECLARED_SELECTOR = YES;
				GCC_WARN_UNINITIALIZED_AUTOS = YES_AGGRESSIVE;
				GCC_WARN_UNUSED_FUNCTION = YES;
				GCC_WARN_UNUSED_VARIABLE = YES;
				IPHONEOS_DEPLOYMENT_TARGET = 14.4;
				MTL_ENABLE_DEBUG_INFO = INCLUDE_SOURCE;
				MTL_FAST_MATH = YES;
				ONLY_ACTIVE_ARCH = YES;
				SDKROOT = iphoneos;
				SWIFT_ACTIVE_COMPILATION_CONDITIONS = DEBUG;
				SWIFT_OPTIMIZATION_LEVEL = "-Onone";
			};
			name = Debug;
		};
		C9ACC20527655ADA00976B81 /* Release */ = {
			isa = XCBuildConfiguration;
			buildSettings = {
				ALWAYS_SEARCH_USER_PATHS = NO;
				CLANG_ANALYZER_NONNULL = YES;
				CLANG_ANALYZER_NUMBER_OBJECT_CONVERSION = YES_AGGRESSIVE;
				CLANG_CXX_LANGUAGE_STANDARD = "gnu++14";
				CLANG_CXX_LIBRARY = "libc++";
				CLANG_ENABLE_MODULES = YES;
				CLANG_ENABLE_OBJC_ARC = YES;
				CLANG_ENABLE_OBJC_WEAK = YES;
				CLANG_WARN_BLOCK_CAPTURE_AUTORELEASING = YES;
				CLANG_WARN_BOOL_CONVERSION = YES;
				CLANG_WARN_COMMA = YES;
				CLANG_WARN_CONSTANT_CONVERSION = YES;
				CLANG_WARN_DEPRECATED_OBJC_IMPLEMENTATIONS = YES;
				CLANG_WARN_DIRECT_OBJC_ISA_USAGE = YES_ERROR;
				CLANG_WARN_DOCUMENTATION_COMMENTS = YES;
				CLANG_WARN_EMPTY_BODY = YES;
				CLANG_WARN_ENUM_CONVERSION = YES;
				CLANG_WARN_INFINITE_RECURSION = YES;
				CLANG_WARN_INT_CONVERSION = YES;
				CLANG_WARN_NON_LITERAL_NULL_CONVERSION = YES;
				CLANG_WARN_OBJC_IMPLICIT_RETAIN_SELF = YES;
				CLANG_WARN_OBJC_LITERAL_CONVERSION = YES;
				CLANG_WARN_OBJC_ROOT_CLASS = YES_ERROR;
				CLANG_WARN_QUOTED_INCLUDE_IN_FRAMEWORK_HEADER = YES;
				CLANG_WARN_RANGE_LOOP_ANALYSIS = YES;
				CLANG_WARN_STRICT_PROTOTYPES = YES;
				CLANG_WARN_SUSPICIOUS_MOVE = YES;
				CLANG_WARN_UNGUARDED_AVAILABILITY = YES_AGGRESSIVE;
				CLANG_WARN_UNREACHABLE_CODE = YES;
				CLANG_WARN__DUPLICATE_METHOD_MATCH = YES;
				COPY_PHASE_STRIP = NO;
				DEBUG_INFORMATION_FORMAT = "dwarf-with-dsym";
				ENABLE_NS_ASSERTIONS = NO;
				ENABLE_STRICT_OBJC_MSGSEND = YES;
				GCC_C_LANGUAGE_STANDARD = gnu11;
				GCC_NO_COMMON_BLOCKS = YES;
				GCC_WARN_64_TO_32_BIT_CONVERSION = YES;
				GCC_WARN_ABOUT_RETURN_TYPE = YES_ERROR;
				GCC_WARN_UNDECLARED_SELECTOR = YES;
				GCC_WARN_UNINITIALIZED_AUTOS = YES_AGGRESSIVE;
				GCC_WARN_UNUSED_FUNCTION = YES;
				GCC_WARN_UNUSED_VARIABLE = YES;
				IPHONEOS_DEPLOYMENT_TARGET = 14.4;
				MTL_ENABLE_DEBUG_INFO = NO;
				MTL_FAST_MATH = YES;
				SDKROOT = iphoneos;
				SWIFT_COMPILATION_MODE = wholemodule;
				SWIFT_OPTIMIZATION_LEVEL = "-O";
				VALIDATE_PRODUCT = YES;
			};
			name = Release;
		};
		C9ACC20727655ADA00976B81 /* Debug */ = {
			isa = XCBuildConfiguration;
			buildSettings = {
				ASSETCATALOG_COMPILER_APPICON_NAME = AppIcon;
				ASSETCATALOG_COMPILER_GLOBAL_ACCENT_COLOR_NAME = AccentColor;
				CODE_SIGN_STYLE = Automatic;
				DEVELOPMENT_TEAM = 6TFM8KBJ34;
				INFOPLIST_FILE = Drafty/Info.plist;
				LD_RUNPATH_SEARCH_PATHS = (
					"$(inherited)",
					"@executable_path/Frameworks",
				);
				PRODUCT_BUNDLE_IDENTIFIER = com.mk.Drafty;
				PRODUCT_NAME = "$(TARGET_NAME)";
				SWIFT_VERSION = 5.0;
				TARGETED_DEVICE_FAMILY = "1,2";
			};
			name = Debug;
		};
		C9ACC20827655ADA00976B81 /* Release */ = {
			isa = XCBuildConfiguration;
			buildSettings = {
				ASSETCATALOG_COMPILER_APPICON_NAME = AppIcon;
				ASSETCATALOG_COMPILER_GLOBAL_ACCENT_COLOR_NAME = AccentColor;
				CODE_SIGN_STYLE = Automatic;
				DEVELOPMENT_TEAM = 6TFM8KBJ34;
				INFOPLIST_FILE = Drafty/Info.plist;
				LD_RUNPATH_SEARCH_PATHS = (
					"$(inherited)",
					"@executable_path/Frameworks",
				);
				PRODUCT_BUNDLE_IDENTIFIER = com.mk.Drafty;
				PRODUCT_NAME = "$(TARGET_NAME)";
				SWIFT_VERSION = 5.0;
				TARGETED_DEVICE_FAMILY = "1,2";
			};
			name = Release;
		};
/* End XCBuildConfiguration section */

/* Begin XCConfigurationList section */
		C9ACC1EA27655AD800976B81 /* Build configuration list for PBXProject "Drafty" */ = {
			isa = XCConfigurationList;
			buildConfigurations = (
				C9ACC20427655ADA00976B81 /* Debug */,
				C9ACC20527655ADA00976B81 /* Release */,
			);
			defaultConfigurationIsVisible = 0;
			defaultConfigurationName = Release;
		};
		C9ACC20627655ADA00976B81 /* Build configuration list for PBXNativeTarget "Drafty" */ = {
			isa = XCConfigurationList;
			buildConfigurations = (
				C9ACC20727655ADA00976B81 /* Debug */,
				C9ACC20827655ADA00976B81 /* Release */,
			);
			defaultConfigurationIsVisible = 0;
			defaultConfigurationName = Release;
		};
/* End XCConfigurationList section */

/* Begin XCVersionGroup section */
		C9ACC1FB27655AD800976B81 /* Drafty.xcdatamodeld */ = {
			isa = XCVersionGroup;
			children = (
				C9ACC1FC27655AD800976B81 /* Drafty.xcdatamodel */,
			);
			currentVersion = C9ACC1FC27655AD800976B81 /* Drafty.xcdatamodel */;
			path = Drafty.xcdatamodeld;
			sourceTree = "<group>";
			versionGroupType = wrapper.xcdatamodel;
		};
/* End XCVersionGroup section */
	};
	rootObject = C9ACC1E727655AD800976B81 /* Project object */;
}
